
Microsoft Visual Studio Solution File, Format Version 12.00
# Visual Studio Version 17
VisualStudioVersion = 17.0.32014.148
MinimumVisualStudioVersion = 10.0.40219.1
Project("{2150E333-8FDC-42A3-9474-1A3956D46DE8}") = ".misc", ".misc", "{E144D6DD-64F9-4329-A75C-3256D8C86289}"
	ProjectSection(SolutionItems) = preProject
		.editorconfig = .editorconfig
		.gitignore = .gitignore
		commands.json = commands.json
		Directory.Build.props = Directory.Build.props
		README.md = README.md
	EndProjectSection
EndProject
Project("{2150E333-8FDC-42A3-9474-1A3956D46DE8}") = "build", "build", "{A0318956-94C5-4CC1-AA34-2381B868D940}"
	ProjectSection(SolutionItems) = preProject
		build.ps1 = build.ps1
		commands.json = commands.json
		Directory.Build.props = Directory.Build.props
		build\manifest.json = build\manifest.json
		build\tasks.psake.ps1 = build\tasks.psake.ps1
	EndProjectSection
EndProject
Project("{9A19103F-16F7-4668-BE54-9A1E7A4F7556}") = "Genapi", "src\Genapi\Genapi.csproj", "{5B365207-963E-46AD-B8A0-C3B034F93B89}"
EndProject
Project("{9A19103F-16F7-4668-BE54-9A1E7A4F7556}") = "Genapi.MSTest", "tests\Genapi.MSTest\Genapi.MSTest.csproj", "{26C4C4DC-3712-4A74-8533-A53A606B2EF5}"
EndProject
Project("{9A19103F-16F7-4668-BE54-9A1E7A4F7556}") = "Genapi.MSBuild", "src\Genapi.MSBuild\Genapi.MSBuild.csproj", "{EC9FD7DB-128E-40B6-9F1C-1A628F7EFC19}"
EndProject
Project("{9A19103F-16F7-4668-BE54-9A1E7A4F7556}") = "Genapi.Example", "tests\Genapi.Example\Genapi.Example.csproj", "{B289145D-4A58-4F6C-A671-F57979440DAB}"
EndProject
Global
	GlobalSection(SolutionConfigurationPlatforms) = preSolution
		Debug|Any CPU = Debug|Any CPU
		Release|Any CPU = Release|Any CPU
	EndGlobalSection
	GlobalSection(ProjectConfigurationPlatforms) = postSolution
		{5B365207-963E-46AD-B8A0-C3B034F93B89}.Debug|Any CPU.ActiveCfg = Debug|Any CPU
		{5B365207-963E-46AD-B8A0-C3B034F93B89}.Debug|Any CPU.Build.0 = Debug|Any CPU
		{5B365207-963E-46AD-B8A0-C3B034F93B89}.Release|Any CPU.ActiveCfg = Release|Any CPU
		{5B365207-963E-46AD-B8A0-C3B034F93B89}.Release|Any CPU.Build.0 = Release|Any CPU
		{26C4C4DC-3712-4A74-8533-A53A606B2EF5}.Debug|Any CPU.ActiveCfg = Debug|Any CPU
		{26C4C4DC-3712-4A74-8533-A53A606B2EF5}.Debug|Any CPU.Build.0 = Debug|Any CPU
		{26C4C4DC-3712-4A74-8533-A53A606B2EF5}.Release|Any CPU.ActiveCfg = Release|Any CPU
		{26C4C4DC-3712-4A74-8533-A53A606B2EF5}.Release|Any CPU.Build.0 = Release|Any CPU
		{EC9FD7DB-128E-40B6-9F1C-1A628F7EFC19}.Debug|Any CPU.ActiveCfg = Debug|Any CPU
		{EC9FD7DB-128E-40B6-9F1C-1A628F7EFC19}.Debug|Any CPU.Build.0 = Debug|Any CPU
		{EC9FD7DB-128E-40B6-9F1C-1A628F7EFC19}.Release|Any CPU.ActiveCfg = Release|Any CPU
		{EC9FD7DB-128E-40B6-9F1C-1A628F7EFC19}.Release|Any CPU.Build.0 = Release|Any CPU
		{B289145D-4A58-4F6C-A671-F57979440DAB}.Debug|Any CPU.ActiveCfg = Debug|Any CPU
		{B289145D-4A58-4F6C-A671-F57979440DAB}.Debug|Any CPU.Build.0 = Debug|Any CPU
		{B289145D-4A58-4F6C-A671-F57979440DAB}.Release|Any CPU.ActiveCfg = Release|Any CPU
		{B289145D-4A58-4F6C-A671-F57979440DAB}.Release|Any CPU.Build.0 = Release|Any CPU
	EndGlobalSection
	GlobalSection(SolutionProperties) = preSolution
		HideSolutionNode = FALSE
	EndGlobalSection
	GlobalSection(ExtensibilityGlobals) = postSolution
		SolutionGuid = {53170604-0EBA-4C96-86DC-3B2330E47ED3}
	EndGlobalSection
EndGlobal
